
Microsoft Visual Studio Solution File, Format Version 12.00
# Visual Studio Version 16
VisualStudioVersion = 16.0.29827.131
MinimumVisualStudioVersion = 10.0.40219.1
Project("{9A19103F-16F7-4668-BE54-9A1E7A4F7556}") = "ElementalDocs", "ElementalDocs\ElementalDocs.csproj", "{D1459BB2-58B2-4534-834E-AB1ABBE74A74}"
EndProject
Project("{9A19103F-16F7-4668-BE54-9A1E7A4F7556}") = "Elemental", "Elemental\Elemental.csproj", "{DBF17630-DDE9-412A-9CDB-E0E7B6E86D95}"
EndProject
Project("{9A19103F-16F7-4668-BE54-9A1E7A4F7556}") = "ElementalTests", "ElementalTests\ElementalTests.csproj", "{3D6A6EE9-C035-4229-A7FF-3E562BDA488F}"
EndProject
Global
	GlobalSection(SolutionConfigurationPlatforms) = preSolution
		Debug|Any CPU = Debug|Any CPU
		Release|Any CPU = Release|Any CPU
	EndGlobalSection
	GlobalSection(ProjectConfigurationPlatforms) = postSolution
		{D1459BB2-58B2-4534-834E-AB1ABBE74A74}.Debug|Any CPU.ActiveCfg = Debug|Any CPU
		{D1459BB2-58B2-4534-834E-AB1ABBE74A74}.Debug|Any CPU.Build.0 = Debug|Any CPU
		{D1459BB2-58B2-4534-834E-AB1ABBE74A74}.Release|Any CPU.ActiveCfg = Release|Any CPU
		{D1459BB2-58B2-4534-834E-AB1ABBE74A74}.Release|Any CPU.Build.0 = Release|Any CPU
		{DBF17630-DDE9-412A-9CDB-E0E7B6E86D95}.Debug|Any CPU.ActiveCfg = Debug|Any CPU
		{DBF17630-DDE9-412A-9CDB-E0E7B6E86D95}.Debug|Any CPU.Build.0 = Debug|Any CPU
		{DBF17630-DDE9-412A-9CDB-E0E7B6E86D95}.Release|Any CPU.ActiveCfg = Release|Any CPU
		{DBF17630-DDE9-412A-9CDB-E0E7B6E86D95}.Release|Any CPU.Build.0 = Release|Any CPU
		{3D6A6EE9-C035-4229-A7FF-3E562BDA488F}.Debug|Any CPU.ActiveCfg = Debug|Any CPU
		{3D6A6EE9-C035-4229-A7FF-3E562BDA488F}.Debug|Any CPU.Build.0 = Debug|Any CPU
		{3D6A6EE9-C035-4229-A7FF-3E562BDA488F}.Release|Any CPU.ActiveCfg = Release|Any CPU
		{3D6A6EE9-C035-4229-A7FF-3E562BDA488F}.Release|Any CPU.Build.0 = Release|Any CPU
	EndGlobalSection
	GlobalSection(SolutionProperties) = preSolution
		HideSolutionNode = FALSE
	EndGlobalSection
	GlobalSection(ExtensibilityGlobals) = postSolution
		SolutionGuid = {AB823B14-845F-4221-9955-4D74E6AFCBCE}
	EndGlobalSection
EndGlobal
