
Microsoft Visual Studio Solution File, Format Version 12.00
# Visual Studio Version 16
VisualStudioVersion = 16.0.29827.131
MinimumVisualStudioVersion = 10.0.40219.1
Project("{9A19103F-16F7-4668-BE54-9A1E7A4F7556}") = "Elemental", "Elemental\Elemental.csproj", "{DBF17630-DDE9-412A-9CDB-E0E7B6E86D95}"
EndProject
Project("{2150E333-8FDC-42A3-9474-1A3956D46DE8}") = "Solution Items", "Solution Items", "{6DB394FA-88AD-485A-8734-8FE48A72D4B0}"
	ProjectSection(SolutionItems) = preProject
		LICENSE = LICENSE
		README.md = README.md
	EndProjectSection
EndProject
Project("{9A19103F-16F7-4668-BE54-9A1E7A4F7556}") = "Elemental.Documentation", "Elemental.Documentation\Elemental.Documentation.csproj", "{6928E2F0-A569-4F6B-B566-1569FFB9BE32}"
EndProject
Project("{9A19103F-16F7-4668-BE54-9A1E7A4F7556}") = "Elemental.Tests", "Elemental.Tests\Elemental.Tests.csproj", "{E012732A-6CE5-42F8-9164-5DBB7BA96F3B}"
EndProject
Project("{9A19103F-16F7-4668-BE54-9A1E7A4F7556}") = "Elemental.Theme", "Elemental.Theme\Elemental.Theme.csproj", "{F7DD851E-204F-47B2-95BA-15DA4126E55A}"
EndProject
Project("{2150E333-8FDC-42A3-9474-1A3956D46DE8}") = "Pipelines", "Pipelines", "{A24AE759-C61E-4EF5-951E-0659AAD792E7}"
	ProjectSection(SolutionItems) = preProject
		azure-pipelines-devel.yml = azure-pipelines-devel.yml
		azure-pipelines-master.yml = azure-pipelines-master.yml
	EndProjectSection
EndProject
Global
	GlobalSection(SolutionConfigurationPlatforms) = preSolution
		Debug|Any CPU = Debug|Any CPU
		Release|Any CPU = Release|Any CPU
	EndGlobalSection
	GlobalSection(ProjectConfigurationPlatforms) = postSolution
		{DBF17630-DDE9-412A-9CDB-E0E7B6E86D95}.Debug|Any CPU.ActiveCfg = Debug|Any CPU
		{DBF17630-DDE9-412A-9CDB-E0E7B6E86D95}.Debug|Any CPU.Build.0 = Debug|Any CPU
		{DBF17630-DDE9-412A-9CDB-E0E7B6E86D95}.Release|Any CPU.ActiveCfg = Release|Any CPU
		{DBF17630-DDE9-412A-9CDB-E0E7B6E86D95}.Release|Any CPU.Build.0 = Release|Any CPU
		{6928E2F0-A569-4F6B-B566-1569FFB9BE32}.Debug|Any CPU.ActiveCfg = Debug|Any CPU
		{6928E2F0-A569-4F6B-B566-1569FFB9BE32}.Debug|Any CPU.Build.0 = Debug|Any CPU
		{6928E2F0-A569-4F6B-B566-1569FFB9BE32}.Release|Any CPU.ActiveCfg = Release|Any CPU
		{6928E2F0-A569-4F6B-B566-1569FFB9BE32}.Release|Any CPU.Build.0 = Release|Any CPU
		{E012732A-6CE5-42F8-9164-5DBB7BA96F3B}.Debug|Any CPU.ActiveCfg = Debug|Any CPU
		{E012732A-6CE5-42F8-9164-5DBB7BA96F3B}.Debug|Any CPU.Build.0 = Debug|Any CPU
		{E012732A-6CE5-42F8-9164-5DBB7BA96F3B}.Release|Any CPU.ActiveCfg = Release|Any CPU
		{E012732A-6CE5-42F8-9164-5DBB7BA96F3B}.Release|Any CPU.Build.0 = Release|Any CPU
		{F7DD851E-204F-47B2-95BA-15DA4126E55A}.Debug|Any CPU.ActiveCfg = Debug|Any CPU
		{F7DD851E-204F-47B2-95BA-15DA4126E55A}.Debug|Any CPU.Build.0 = Debug|Any CPU
		{F7DD851E-204F-47B2-95BA-15DA4126E55A}.Release|Any CPU.ActiveCfg = Release|Any CPU
		{F7DD851E-204F-47B2-95BA-15DA4126E55A}.Release|Any CPU.Build.0 = Release|Any CPU
	EndGlobalSection
	GlobalSection(SolutionProperties) = preSolution
		HideSolutionNode = FALSE
	EndGlobalSection
	GlobalSection(ExtensibilityGlobals) = postSolution
		SolutionGuid = {AB823B14-845F-4221-9955-4D74E6AFCBCE}
	EndGlobalSection
EndGlobal
